
Microsoft Visual Studio Solution File, Format Version 12.00
# Visual Studio Version 17
VisualStudioVersion = 17.6.33723.286
MinimumVisualStudioVersion = 10.0.40219.1
Project("{FAE04EC0-301F-11D3-BF4B-00C04F79EFBC}") = "MigrationCodeDemo", "MigrationCodeDemo.csproj", "{F37ABDD8-C6BF-49B3-850E-724A4A3533EE}"
EndProject
Global
	GlobalSection(SolutionConfigurationPlatforms) = preSolution
		Debug|Any CPU = Debug|Any CPU
		Release|Any CPU = Release|Any CPU
	EndGlobalSection
	GlobalSection(ProjectConfigurationPlatforms) = postSolution
		{F37ABDD8-C6BF-49B3-850E-724A4A3533EE}.Debug|Any CPU.ActiveCfg = Debug|Any CPU
		{F37ABDD8-C6BF-49B3-850E-724A4A3533EE}.Debug|Any CPU.Build.0 = Debug|Any CPU
		{F37ABDD8-C6BF-49B3-850E-724A4A3533EE}.Release|Any CPU.ActiveCfg = Release|Any CPU
		{F37ABDD8-C6BF-49B3-850E-724A4A3533EE}.Release|Any CPU.Build.0 = Release|Any CPU
	EndGlobalSection
	GlobalSection(SolutionProperties) = preSolution
		HideSolutionNode = FALSE
	EndGlobalSection
	GlobalSection(ExtensibilityGlobals) = postSolution
		SolutionGuid = {92BAC6B8-3540-48F3-AA39-5AFB3E93A3C7}
	EndGlobalSection
EndGlobal
